PODS:
  - NMapsMap (3.15.0)
  - RxSwift (6.5.0)
  - SwiftSoup (2.4.3)

DEPENDENCIES:
  - NMapsMap
  - RxSwift
  - SwiftSoup

SPEC REPOS:
  trunk:
    - NMapsMap
    - RxSwift
    - SwiftSoup

SPEC CHECKSUMS:
  NMapsMap: f151761c088d6516064c59da03ab6503769486e6
  RxSwift: 5710a9e6b17f3c3d6e40d6e559b9fa1e813b2ef8
  SwiftSoup: 3384f2e618cfc1b3cbc7852c16692fe8de13fb8f

PODFILE CHECKSUM: 81ae55985e482cc79f321f08ebe51e0799fb8f78

COCOAPODS: 1.11.3
