// !$*UTF8*$!
{
	archiveVersion = 1;
	classes = {
	};
	objectVersion = 56;
	objects = {

/* Begin PBXBuildFile section */
		9101115F29194CD300B0A4BE /* NoticeViewController.swift in Sources */ = {isa = PBXBuildFile; fileRef = 9101115E29194CD300B0A4BE /* NoticeViewController.swift */; };
		9101116129195E1500B0A4BE /* Notice.swift in Sources */ = {isa = PBXBuildFile; fileRef = 9101116029195E1500B0A4BE /* Notice.swift */; };
		91011163291A1E2B00B0A4BE /* NoticeTableViewCell.swift in Sources */ = {isa = PBXBuildFile; fileRef = 91011162291A1E2B00B0A4BE /* NoticeTableViewCell.swift */; };
		91011165291B816E00B0A4BE /* ContentViewController.swift in Sources */ = {isa = PBXBuildFile; fileRef = 91011164291B816E00B0A4BE /* ContentViewController.swift */; };
		91252651294178CF00806506 /* MajorCode.swift in Sources */ = {isa = PBXBuildFile; fileRef = 91252650294178CF00806506 /* MajorCode.swift */; };
		912526542941874B00806506 /* FirebaseAnalytics in Frameworks */ = {isa = PBXBuildFile; productRef = 912526532941874B00806506 /* FirebaseAnalytics */; };
		912526562941874B00806506 /* FirebaseAnalyticsOnDeviceConversion in Frameworks */ = {isa = PBXBuildFile; productRef = 912526552941874B00806506 /* FirebaseAnalyticsOnDeviceConversion */; };
		912526582941874B00806506 /* FirebaseAnalyticsSwift in Frameworks */ = {isa = PBXBuildFile; productRef = 912526572941874B00806506 /* FirebaseAnalyticsSwift */; };
		9125265A2941874B00806506 /* FirebaseAnalyticsWithoutAdIdSupport in Frameworks */ = {isa = PBXBuildFile; productRef = 912526592941874B00806506 /* FirebaseAnalyticsWithoutAdIdSupport */; };
		9125265C2941874B00806506 /* FirebaseAppCheck in Frameworks */ = {isa = PBXBuildFile; productRef = 9125265B2941874B00806506 /* FirebaseAppCheck */; };
		9125265E2941874B00806506 /* FirebaseAppDistribution-Beta in Frameworks */ = {isa = PBXBuildFile; productRef = 9125265D2941874B00806506 /* FirebaseAppDistribution-Beta */; };
		912526602941874B00806506 /* FirebaseAuth in Frameworks */ = {isa = PBXBuildFile; productRef = 9125265F2941874B00806506 /* FirebaseAuth */; };
		912526622941874B00806506 /* FirebaseAuthCombine-Community in Frameworks */ = {isa = PBXBuildFile; productRef = 912526612941874B00806506 /* FirebaseAuthCombine-Community */; };
		912526642941874B00806506 /* FirebaseCrashlytics in Frameworks */ = {isa = PBXBuildFile; productRef = 912526632941874B00806506 /* FirebaseCrashlytics */; };
		912526662941874B00806506 /* FirebaseDatabase in Frameworks */ = {isa = PBXBuildFile; productRef = 912526652941874B00806506 /* FirebaseDatabase */; };
		912526682941874B00806506 /* FirebaseDatabaseSwift in Frameworks */ = {isa = PBXBuildFile; productRef = 912526672941874B00806506 /* FirebaseDatabaseSwift */; };
		9125266A2941874B00806506 /* FirebaseDynamicLinks in Frameworks */ = {isa = PBXBuildFile; productRef = 912526692941874B00806506 /* FirebaseDynamicLinks */; };
		9125266C2941874B00806506 /* FirebaseFirestore in Frameworks */ = {isa = PBXBuildFile; productRef = 9125266B2941874B00806506 /* FirebaseFirestore */; };
		9125266E2941874B00806506 /* FirebaseFirestoreCombine-Community in Frameworks */ = {isa = PBXBuildFile; productRef = 9125266D2941874B00806506 /* FirebaseFirestoreCombine-Community */; };
		912526702941874B00806506 /* FirebaseFirestoreSwift in Frameworks */ = {isa = PBXBuildFile; productRef = 9125266F2941874B00806506 /* FirebaseFirestoreSwift */; };
		912526722941874B00806506 /* FirebaseFunctions in Frameworks */ = {isa = PBXBuildFile; productRef = 912526712941874B00806506 /* FirebaseFunctions */; };
		912526742941874B00806506 /* FirebaseFunctionsCombine-Community in Frameworks */ = {isa = PBXBuildFile; productRef = 912526732941874B00806506 /* FirebaseFunctionsCombine-Community */; };
		912526762941874B00806506 /* FirebaseInAppMessaging-Beta in Frameworks */ = {isa = PBXBuildFile; productRef = 912526752941874B00806506 /* FirebaseInAppMessaging-Beta */; };
		912526782941874B00806506 /* FirebaseInAppMessagingSwift-Beta in Frameworks */ = {isa = PBXBuildFile; productRef = 912526772941874B00806506 /* FirebaseInAppMessagingSwift-Beta */; };
		9125267A2941874B00806506 /* FirebaseInstallations in Frameworks */ = {isa = PBXBuildFile; productRef = 912526792941874B00806506 /* FirebaseInstallations */; };
		9125267C2941874B00806506 /* FirebaseMLModelDownloader in Frameworks */ = {isa = PBXBuildFile; productRef = 9125267B2941874B00806506 /* FirebaseMLModelDownloader */; };
		9125267E2941874B00806506 /* FirebaseMessaging in Frameworks */ = {isa = PBXBuildFile; productRef = 9125267D2941874B00806506 /* FirebaseMessaging */; };
		912526802941874B00806506 /* FirebasePerformance in Frameworks */ = {isa = PBXBuildFile; productRef = 9125267F2941874B00806506 /* FirebasePerformance */; };
		912526822941874B00806506 /* FirebaseRemoteConfig in Frameworks */ = {isa = PBXBuildFile; productRef = 912526812941874B00806506 /* FirebaseRemoteConfig */; };
		912526842941874B00806506 /* FirebaseRemoteConfigSwift in Frameworks */ = {isa = PBXBuildFile; productRef = 912526832941874B00806506 /* FirebaseRemoteConfigSwift */; };
		912526862941874B00806506 /* FirebaseStorage in Frameworks */ = {isa = PBXBuildFile; productRef = 912526852941874B00806506 /* FirebaseStorage */; };
		912526882941874B00806506 /* FirebaseStorageCombine-Community in Frameworks */ = {isa = PBXBuildFile; productRef = 912526872941874B00806506 /* FirebaseStorageCombine-Community */; };
		913E340328ED92A90048694B /* AppDelegate.swift in Sources */ = {isa = PBXBuildFile; fileRef = 913E340228ED92A90048694B /* AppDelegate.swift */; };
		913E340528ED92A90048694B /* SceneDelegate.swift in Sources */ = {isa = PBXBuildFile; fileRef = 913E340428ED92A90048694B /* SceneDelegate.swift */; };
		913E340728ED92A90048694B /* ViewController.swift in Sources */ = {isa = PBXBuildFile; fileRef = 913E340628ED92A90048694B /* ViewController.swift */; };
		913E340A28ED92A90048694B /* Main.storyboard in Resources */ = {isa = PBXBuildFile; fileRef = 913E340828ED92A90048694B /* Main.storyboard */; };
		913E340C28ED92AA0048694B /* Assets.xcassets in Resources */ = {isa = PBXBuildFile; fileRef = 913E340B28ED92AA0048694B /* Assets.xcassets */; };
		913E340F28ED92AA0048694B /* LaunchScreen.storyboard in Resources */ = {isa = PBXBuildFile; fileRef = 913E340D28ED92AA0048694B /* LaunchScreen.storyboard */; };
		91437EE82943503D00AD288F /* InfoViewController.swift in Sources */ = {isa = PBXBuildFile; fileRef = 91437EE72943503D00AD288F /* InfoViewController.swift */; };
		91693EFA28F9453E004AC0CB /* Student.swift in Sources */ = {isa = PBXBuildFile; fileRef = 91693EF928F9453E004AC0CB /* Student.swift */; };
		91693EFC28F94749004AC0CB /* MapViewController.swift in Sources */ = {isa = PBXBuildFile; fileRef = 91693EFB28F94749004AC0CB /* MapViewController.swift */; };
		919F8E11290E76F700FBEF6C /* Architecture.swift in Sources */ = {isa = PBXBuildFile; fileRef = 919F8E10290E76F700FBEF6C /* Architecture.swift */; };
		91A65F602949D60C007CAB47 /* LectureRoom.swift in Sources */ = {isa = PBXBuildFile; fileRef = 91A65F5F2949D60C007CAB47 /* LectureRoom.swift */; };
		91B0D17B2923EC7A0090FE4F /* GoogleService-Info.plist in Resources */ = {isa = PBXBuildFile; fileRef = 91B0D17A2923EC7A0090FE4F /* GoogleService-Info.plist */; };
		91CAAB32293C936E005C5309 /* StaticCell.swift in Sources */ = {isa = PBXBuildFile; fileRef = 91CAAB31293C936E005C5309 /* StaticCell.swift */; };
		91EB8EAD29327EB900F886AB /* Instagram.swift in Sources */ = {isa = PBXBuildFile; fileRef = 91EB8EAC29327EB900F886AB /* Instagram.swift */; };
		91EFC85C28F9376800C057A2 /* Major.swift in Sources */ = {isa = PBXBuildFile; fileRef = 91EFC85B28F9376800C057A2 /* Major.swift */; };
		CB7F4DA2F1DF08E504C9568D /* Pods_FollowSSU.framework in Frameworks */ = {isa = PBXBuildFile; fileRef = 1AE282850B72A1241D49A9B9 /* Pods_FollowSSU.framework */; };
/* End PBXBuildFile section */

/* Begin PBXFileReference section */
		0D13F5DBF9D5104B6A97EE0C /* Pods-FollowSSU.debug.xcconfig */ = {isa = PBXFileReference; includeInIndex = 1; lastKnownFileType = text.xcconfig; name = "Pods-FollowSSU.debug.xcconfig"; path = "Target Support Files/Pods-FollowSSU/Pods-FollowSSU.debug.xcconfig"; sourceTree = "<group>"; };
		1AE282850B72A1241D49A9B9 /* Pods_FollowSSU.framework */ = {isa = PBXFileReference; explicitFileType = wrapper.framework; includeInIndex = 0; path = Pods_FollowSSU.framework; sourceTree = BUILT_PRODUCTS_DIR; };
		44FA5DD61BE1487E5C09477B /* Pods-FollowSSU.release.xcconfig */ = {isa = PBXFileReference; includeInIndex = 1; lastKnownFileType = text.xcconfig; name = "Pods-FollowSSU.release.xcconfig"; path = "Target Support Files/Pods-FollowSSU/Pods-FollowSSU.release.xcconfig"; sourceTree = "<group>"; };
		9101115E29194CD300B0A4BE /* NoticeViewController.swift */ = {isa = PBXFileReference; lastKnownFileType = sourcecode.swift; path = NoticeViewController.swift; sourceTree = "<group>"; };
		9101116029195E1500B0A4BE /* Notice.swift */ = {isa = PBXFileReference; lastKnownFileType = sourcecode.swift; path = Notice.swift; sourceTree = "<group>"; };
		91011162291A1E2B00B0A4BE /* NoticeTableViewCell.swift */ = {isa = PBXFileReference; lastKnownFileType = sourcecode.swift; path = NoticeTableViewCell.swift; sourceTree = "<group>"; };
		91011164291B816E00B0A4BE /* ContentViewController.swift */ = {isa = PBXFileReference; lastKnownFileType = sourcecode.swift; path = ContentViewController.swift; sourceTree = "<group>"; };
		91252650294178CF00806506 /* MajorCode.swift */ = {isa = PBXFileReference; lastKnownFileType = sourcecode.swift; path = MajorCode.swift; sourceTree = "<group>"; };
		913E33FF28ED92A90048694B /* FollowSSU.app */ = {isa = PBXFileReference; explicitFileType = wrapper.application; includeInIndex = 0; path = FollowSSU.app; sourceTree = BUILT_PRODUCTS_DIR; };
		913E340228ED92A90048694B /* AppDelegate.swift */ = {isa = PBXFileReference; lastKnownFileType = sourcecode.swift; path = AppDelegate.swift; sourceTree = "<group>"; };
		913E340428ED92A90048694B /* SceneDelegate.swift */ = {isa = PBXFileReference; lastKnownFileType = sourcecode.swift; path = SceneDelegate.swift; sourceTree = "<group>"; };
		913E340628ED92A90048694B /* ViewController.swift */ = {isa = PBXFileReference; lastKnownFileType = sourcecode.swift; path = ViewController.swift; sourceTree = "<group>"; };
		913E340928ED92A90048694B /* Base */ = {isa = PBXFileReference; lastKnownFileType = file.storyboard; name = Base; path = Base.lproj/Main.storyboard; sourceTree = "<group>"; };
		913E340B28ED92AA0048694B /* Assets.xcassets */ = {isa = PBXFileReference; lastKnownFileType = folder.assetcatalog; path = Assets.xcassets; sourceTree = "<group>"; };
		913E340E28ED92AA0048694B /* Base */ = {isa = PBXFileReference; lastKnownFileType = file.storyboard; name = Base; path = Base.lproj/LaunchScreen.storyboard; sourceTree = "<group>"; };
		913E341028ED92AA0048694B /* Info.plist */ = {isa = PBXFileReference; lastKnownFileType = text.plist.xml; path = Info.plist; sourceTree = "<group>"; };
		91437EE72943503D00AD288F /* InfoViewController.swift */ = {isa = PBXFileReference; lastKnownFileType = sourcecode.swift; path = InfoViewController.swift; sourceTree = "<group>"; };
		91693EF928F9453E004AC0CB /* Student.swift */ = {isa = PBXFileReference; lastKnownFileType = sourcecode.swift; path = Student.swift; sourceTree = "<group>"; };
		91693EFB28F94749004AC0CB /* MapViewController.swift */ = {isa = PBXFileReference; lastKnownFileType = sourcecode.swift; path = MapViewController.swift; sourceTree = "<group>"; };
		919F8E10290E76F700FBEF6C /* Architecture.swift */ = {isa = PBXFileReference; lastKnownFileType = sourcecode.swift; path = Architecture.swift; sourceTree = "<group>"; };
		91A65F5F2949D60C007CAB47 /* LectureRoom.swift */ = {isa = PBXFileReference; lastKnownFileType = sourcecode.swift; path = LectureRoom.swift; sourceTree = "<group>"; };
		91B0D17A2923EC7A0090FE4F /* GoogleService-Info.plist */ = {isa = PBXFileReference; fileEncoding = 4; lastKnownFileType = text.plist.xml; path = "GoogleService-Info.plist"; sourceTree = "<group>"; };
		91CAAB31293C936E005C5309 /* StaticCell.swift */ = {isa = PBXFileReference; lastKnownFileType = sourcecode.swift; path = StaticCell.swift; sourceTree = "<group>"; };
		91CB94BA292405E500599064 /* FollowSSU.entitlements */ = {isa = PBXFileReference; lastKnownFileType = text.plist.entitlements; path = FollowSSU.entitlements; sourceTree = "<group>"; };
		91EB8EAC29327EB900F886AB /* Instagram.swift */ = {isa = PBXFileReference; lastKnownFileType = sourcecode.swift; path = Instagram.swift; sourceTree = "<group>"; };
		91EFC85B28F9376800C057A2 /* Major.swift */ = {isa = PBXFileReference; lastKnownFileType = sourcecode.swift; path = Major.swift; sourceTree = "<group>"; };
/* End PBXFileReference section */

/* Begin PBXFrameworksBuildPhase section */
		913E33FC28ED92A90048694B /* Frameworks */ = {
			isa = PBXFrameworksBuildPhase;
			buildActionMask = 2147483647;
			files = (
				912526722941874B00806506 /* FirebaseFunctions in Frameworks */,
				912526682941874B00806506 /* FirebaseDatabaseSwift in Frameworks */,
				912526782941874B00806506 /* FirebaseInAppMessagingSwift-Beta in Frameworks */,
				9125267E2941874B00806506 /* FirebaseMessaging in Frameworks */,
				9125265E2941874B00806506 /* FirebaseAppDistribution-Beta in Frameworks */,
				912526622941874B00806506 /* FirebaseAuthCombine-Community in Frameworks */,
				9125266E2941874B00806506 /* FirebaseFirestoreCombine-Community in Frameworks */,
				912526582941874B00806506 /* FirebaseAnalyticsSwift in Frameworks */,
				9125267C2941874B00806506 /* FirebaseMLModelDownloader in Frameworks */,
				9125265A2941874B00806506 /* FirebaseAnalyticsWithoutAdIdSupport in Frameworks */,
				912526542941874B00806506 /* FirebaseAnalytics in Frameworks */,
				912526702941874B00806506 /* FirebaseFirestoreSwift in Frameworks */,
				912526562941874B00806506 /* FirebaseAnalyticsOnDeviceConversion in Frameworks */,
				9125265C2941874B00806506 /* FirebaseAppCheck in Frameworks */,
				912526802941874B00806506 /* FirebasePerformance in Frameworks */,
				912526762941874B00806506 /* FirebaseInAppMessaging-Beta in Frameworks */,
				912526742941874B00806506 /* FirebaseFunctionsCombine-Community in Frameworks */,
				912526642941874B00806506 /* FirebaseCrashlytics in Frameworks */,
				9125267A2941874B00806506 /* FirebaseInstallations in Frameworks */,
				912526822941874B00806506 /* FirebaseRemoteConfig in Frameworks */,
				912526862941874B00806506 /* FirebaseStorage in Frameworks */,
				912526662941874B00806506 /* FirebaseDatabase in Frameworks */,
				912526882941874B00806506 /* FirebaseStorageCombine-Community in Frameworks */,
				CB7F4DA2F1DF08E504C9568D /* Pods_FollowSSU.framework in Frameworks */,
				912526602941874B00806506 /* FirebaseAuth in Frameworks */,
				9125266A2941874B00806506 /* FirebaseDynamicLinks in Frameworks */,
				9125266C2941874B00806506 /* FirebaseFirestore in Frameworks */,
				912526842941874B00806506 /* FirebaseRemoteConfigSwift in Frameworks */,
			);
			runOnlyForDeploymentPostprocessing = 0;
		};
/* End PBXFrameworksBuildPhase section */

/* Begin PBXGroup section */
		3AFC06B40216E728608A7E73 /* Frameworks */ = {
			isa = PBXGroup;
			children = (
				1AE282850B72A1241D49A9B9 /* Pods_FollowSSU.framework */,
			);
			name = Frameworks;
			sourceTree = "<group>";
		};
		54999E65C1ABEFC124354B30 /* Pods */ = {
			isa = PBXGroup;
			children = (
				0D13F5DBF9D5104B6A97EE0C /* Pods-FollowSSU.debug.xcconfig */,
				44FA5DD61BE1487E5C09477B /* Pods-FollowSSU.release.xcconfig */,
			);
			path = Pods;
			sourceTree = "<group>";
		};
		913E33F628ED92A90048694B = {
			isa = PBXGroup;
			children = (
				913E340128ED92A90048694B /* FollowSSU */,
				913E340028ED92A90048694B /* Products */,
				54999E65C1ABEFC124354B30 /* Pods */,
				3AFC06B40216E728608A7E73 /* Frameworks */,
			);
			sourceTree = "<group>";
		};
		913E340028ED92A90048694B /* Products */ = {
			isa = PBXGroup;
			children = (
				913E33FF28ED92A90048694B /* FollowSSU.app */,
			);
			name = Products;
			sourceTree = "<group>";
		};
		913E340128ED92A90048694B /* FollowSSU */ = {
			isa = PBXGroup;
			children = (
				91CB94BA292405E500599064 /* FollowSSU.entitlements */,
				91B0D17A2923EC7A0090FE4F /* GoogleService-Info.plist */,
				913E340228ED92A90048694B /* AppDelegate.swift */,
				913E340428ED92A90048694B /* SceneDelegate.swift */,
				9157CB932945AD6400C01620 /* Model */,
				9157CB942945AD6A00C01620 /* View */,
				9157CB952945ADA400C01620 /* Controller */,
				913E340B28ED92AA0048694B /* Assets.xcassets */,
				913E340D28ED92AA0048694B /* LaunchScreen.storyboard */,
				913E341028ED92AA0048694B /* Info.plist */,
			);
			path = FollowSSU;
			sourceTree = "<group>";
		};
		9157CB932945AD6400C01620 /* Model */ = {
			isa = PBXGroup;
			children = (
				9101116029195E1500B0A4BE /* Notice.swift */,
				91A65F5F2949D60C007CAB47 /* LectureRoom.swift */,
				91252650294178CF00806506 /* MajorCode.swift */,
				91EB8EAC29327EB900F886AB /* Instagram.swift */,
				91EFC85B28F9376800C057A2 /* Major.swift */,
				919F8E10290E76F700FBEF6C /* Architecture.swift */,
				91693EF928F9453E004AC0CB /* Student.swift */,
			);
			path = Model;
			sourceTree = "<group>";
		};
		9157CB942945AD6A00C01620 /* View */ = {
			isa = PBXGroup;
			children = (
				913E340828ED92A90048694B /* Main.storyboard */,
				91011162291A1E2B00B0A4BE /* NoticeTableViewCell.swift */,
				91CAAB31293C936E005C5309 /* StaticCell.swift */,
			);
			path = View;
			sourceTree = "<group>";
		};
		9157CB952945ADA400C01620 /* Controller */ = {
			isa = PBXGroup;
			children = (
				91437EE72943503D00AD288F /* InfoViewController.swift */,
				91693EFB28F94749004AC0CB /* MapViewController.swift */,
				9101115E29194CD300B0A4BE /* NoticeViewController.swift */,
				91011164291B816E00B0A4BE /* ContentViewController.swift */,
				913E340628ED92A90048694B /* ViewController.swift */,
			);
			path = Controller;
			sourceTree = "<group>";
		};
/* End PBXGroup section */

/* Begin PBXNativeTarget section */
		913E33FE28ED92A90048694B /* FollowSSU */ = {
			isa = PBXNativeTarget;
			buildConfigurationList = 913E341328ED92AA0048694B /* Build configuration list for PBXNativeTarget "FollowSSU" */;
			buildPhases = (
				AD78BFD719B9250A7035DFBD /* [CP] Check Pods Manifest.lock */,
				913E33FB28ED92A90048694B /* Sources */,
				913E33FC28ED92A90048694B /* Frameworks */,
				913E33FD28ED92A90048694B /* Resources */,
				67D30C0AE67016E0DFF7D263 /* [CP] Embed Pods Frameworks */,
			);
			buildRules = (
			);
			dependencies = (
			);
			name = FollowSSU;
			packageProductDependencies = (
				912526532941874B00806506 /* FirebaseAnalytics */,
				912526552941874B00806506 /* FirebaseAnalyticsOnDeviceConversion */,
				912526572941874B00806506 /* FirebaseAnalyticsSwift */,
				912526592941874B00806506 /* FirebaseAnalyticsWithoutAdIdSupport */,
				9125265B2941874B00806506 /* FirebaseAppCheck */,
				9125265D2941874B00806506 /* FirebaseAppDistribution-Beta */,
				9125265F2941874B00806506 /* FirebaseAuth */,
				912526612941874B00806506 /* FirebaseAuthCombine-Community */,
				912526632941874B00806506 /* FirebaseCrashlytics */,
				912526652941874B00806506 /* FirebaseDatabase */,
				912526672941874B00806506 /* FirebaseDatabaseSwift */,
				912526692941874B00806506 /* FirebaseDynamicLinks */,
				9125266B2941874B00806506 /* FirebaseFirestore */,
				9125266D2941874B00806506 /* FirebaseFirestoreCombine-Community */,
				9125266F2941874B00806506 /* FirebaseFirestoreSwift */,
				912526712941874B00806506 /* FirebaseFunctions */,
				912526732941874B00806506 /* FirebaseFunctionsCombine-Community */,
				912526752941874B00806506 /* FirebaseInAppMessaging-Beta */,
				912526772941874B00806506 /* FirebaseInAppMessagingSwift-Beta */,
				912526792941874B00806506 /* FirebaseInstallations */,
				9125267B2941874B00806506 /* FirebaseMLModelDownloader */,
				9125267D2941874B00806506 /* FirebaseMessaging */,
				9125267F2941874B00806506 /* FirebasePerformance */,
				912526812941874B00806506 /* FirebaseRemoteConfig */,
				912526832941874B00806506 /* FirebaseRemoteConfigSwift */,
				912526852941874B00806506 /* FirebaseStorage */,
				912526872941874B00806506 /* FirebaseStorageCombine-Community */,
			);
			productName = FollowSSU;
			productReference = 913E33FF28ED92A90048694B /* FollowSSU.app */;
			productType = "com.apple.product-type.application";
		};
/* End PBXNativeTarget section */

/* Begin PBXProject section */
		913E33F728ED92A90048694B /* Project object */ = {
			isa = PBXProject;
			attributes = {
				BuildIndependentTargetsInParallel = 1;
				LastSwiftUpdateCheck = 1400;
				LastUpgradeCheck = 1400;
				TargetAttributes = {
					913E33FE28ED92A90048694B = {
						CreatedOnToolsVersion = 14.0.1;
					};
				};
			};
			buildConfigurationList = 913E33FA28ED92A90048694B /* Build configuration list for PBXProject "FollowSSU" */;
			compatibilityVersion = "Xcode 14.0";
			developmentRegion = en;
			hasScannedForEncodings = 0;
			knownRegions = (
				en,
				Base,
			);
			mainGroup = 913E33F628ED92A90048694B;
			packageReferences = (
				912526522941874B00806506 /* XCRemoteSwiftPackageReference "firebase-ios-sdk" */,
			);
			productRefGroup = 913E340028ED92A90048694B /* Products */;
			projectDirPath = "";
			projectRoot = "";
			targets = (
				913E33FE28ED92A90048694B /* FollowSSU */,
			);
		};
/* End PBXProject section */

/* Begin PBXResourcesBuildPhase section */
		913E33FD28ED92A90048694B /* Resources */ = {
			isa = PBXResourcesBuildPhase;
			buildActionMask = 2147483647;
			files = (
				91B0D17B2923EC7A0090FE4F /* GoogleService-Info.plist in Resources */,
				913E340F28ED92AA0048694B /* LaunchScreen.storyboard in Resources */,
				913E340C28ED92AA0048694B /* Assets.xcassets in Resources */,
				913E340A28ED92A90048694B /* Main.storyboard in Resources */,
			);
			runOnlyForDeploymentPostprocessing = 0;
		};
/* End PBXResourcesBuildPhase section */

/* Begin PBXShellScriptBuildPhase section */
		67D30C0AE67016E0DFF7D263 /* [CP] Embed Pods Frameworks */ = {
			isa = PBXShellScriptBuildPhase;
			buildActionMask = 2147483647;
			files = (
			);
			inputFileListPaths = (
				"${PODS_ROOT}/Target Support Files/Pods-FollowSSU/Pods-FollowSSU-frameworks-${CONFIGURATION}-input-files.xcfilelist",
			);
			name = "[CP] Embed Pods Frameworks";
			outputFileListPaths = (
				"${PODS_ROOT}/Target Support Files/Pods-FollowSSU/Pods-FollowSSU-frameworks-${CONFIGURATION}-output-files.xcfilelist",
			);
			runOnlyForDeploymentPostprocessing = 0;
			shellPath = /bin/sh;
			shellScript = "\"${PODS_ROOT}/Target Support Files/Pods-FollowSSU/Pods-FollowSSU-frameworks.sh\"\n";
			showEnvVarsInLog = 0;
		};
		AD78BFD719B9250A7035DFBD /* [CP] Check Pods Manifest.lock */ = {
			isa = PBXShellScriptBuildPhase;
			buildActionMask = 2147483647;
			files = (
			);
			inputFileListPaths = (
			);
			inputPaths = (
				"${PODS_PODFILE_DIR_PATH}/Podfile.lock",
				"${PODS_ROOT}/Manifest.lock",
			);
			name = "[CP] Check Pods Manifest.lock";
			outputFileListPaths = (
			);
			outputPaths = (
				"$(DERIVED_FILE_DIR)/Pods-FollowSSU-checkManifestLockResult.txt",
			);
			runOnlyForDeploymentPostprocessing = 0;
			shellPath = /bin/sh;
			shellScript = "diff \"${PODS_PODFILE_DIR_PATH}/Podfile.lock\" \"${PODS_ROOT}/Manifest.lock\" > /dev/null\nif [ $? != 0 ] ; then\n    # print error to STDERR\n    echo \"error: The sandbox is not in sync with the Podfile.lock. Run 'pod install' or update your CocoaPods installation.\" >&2\n    exit 1\nfi\n# This output is used by Xcode 'outputs' to avoid re-running this script phase.\necho \"SUCCESS\" > \"${SCRIPT_OUTPUT_FILE_0}\"\n";
			showEnvVarsInLog = 0;
		};
/* End PBXShellScriptBuildPhase section */

/* Begin PBXSourcesBuildPhase section */
		913E33FB28ED92A90048694B /* Sources */ = {
			isa = PBXSourcesBuildPhase;
			buildActionMask = 2147483647;
			files = (
				919F8E11290E76F700FBEF6C /* Architecture.swift in Sources */,
				913E340728ED92A90048694B /* ViewController.swift in Sources */,
				91011165291B816E00B0A4BE /* ContentViewController.swift in Sources */,
				91EB8EAD29327EB900F886AB /* Instagram.swift in Sources */,
				91693EFA28F9453E004AC0CB /* Student.swift in Sources */,
				9101115F29194CD300B0A4BE /* NoticeViewController.swift in Sources */,
				91011163291A1E2B00B0A4BE /* NoticeTableViewCell.swift in Sources */,
				91437EE82943503D00AD288F /* InfoViewController.swift in Sources */,
				91CAAB32293C936E005C5309 /* StaticCell.swift in Sources */,
				913E340328ED92A90048694B /* AppDelegate.swift in Sources */,
				913E340528ED92A90048694B /* SceneDelegate.swift in Sources */,
				91EFC85C28F9376800C057A2 /* Major.swift in Sources */,
				91693EFC28F94749004AC0CB /* MapViewController.swift in Sources */,
				91A65F602949D60C007CAB47 /* LectureRoom.swift in Sources */,
				91252651294178CF00806506 /* MajorCode.swift in Sources */,
				9101116129195E1500B0A4BE /* Notice.swift in Sources */,
			);
			runOnlyForDeploymentPostprocessing = 0;
		};
/* End PBXSourcesBuildPhase section */

/* Begin PBXVariantGroup section */
		913E340828ED92A90048694B /* Main.storyboard */ = {
			isa = PBXVariantGroup;
			children = (
				913E340928ED92A90048694B /* Base */,
			);
			name = Main.storyboard;
			sourceTree = "<group>";
		};
		913E340D28ED92AA0048694B /* LaunchScreen.storyboard */ = {
			isa = PBXVariantGroup;
			children = (
				913E340E28ED92AA0048694B /* Base */,
			);
			name = LaunchScreen.storyboard;
			sourceTree = "<group>";
		};
/* End PBXVariantGroup section */

/* Begin XCBuildConfiguration section */
		913E341128ED92AA0048694B /* Debug */ = {
			isa = XCBuildConfiguration;
			buildSettings = {
				ALWAYS_SEARCH_USER_PATHS = NO;
				CLANG_ANALYZER_NONNULL = YES;
				CLANG_ANALYZER_NUMBER_OBJECT_CONVERSION = YES_AGGRESSIVE;
				CLANG_CXX_LANGUAGE_STANDARD = "gnu++20";
				CLANG_ENABLE_MODULES = YES;
				CLANG_ENABLE_OBJC_ARC = YES;
				CLANG_ENABLE_OBJC_WEAK = YES;
				CLANG_WARN_BLOCK_CAPTURE_AUTORELEASING = YES;
				CLANG_WARN_BOOL_CONVERSION = YES;
				CLANG_WARN_COMMA = YES;
				CLANG_WARN_CONSTANT_CONVERSION = YES;
				CLANG_WARN_DEPRECATED_OBJC_IMPLEMENTATIONS = YES;
				CLANG_WARN_DIRECT_OBJC_ISA_USAGE = YES_ERROR;
				CLANG_WARN_DOCUMENTATION_COMMENTS = YES;
				CLANG_WARN_EMPTY_BODY = YES;
				CLANG_WARN_ENUM_CONVERSION = YES;
				CLANG_WARN_INFINITE_RECURSION = YES;
				CLANG_WARN_INT_CONVERSION = YES;
				CLANG_WARN_NON_LITERAL_NULL_CONVERSION = YES;
				CLANG_WARN_OBJC_IMPLICIT_RETAIN_SELF = YES;
				CLANG_WARN_OBJC_LITERAL_CONVERSION = YES;
				CLANG_WARN_OBJC_ROOT_CLASS = YES_ERROR;
				CLANG_WARN_QUOTED_INCLUDE_IN_FRAMEWORK_HEADER = YES;
				CLANG_WARN_RANGE_LOOP_ANALYSIS = YES;
				CLANG_WARN_STRICT_PROTOTYPES = YES;
				CLANG_WARN_SUSPICIOUS_MOVE = YES;
				CLANG_WARN_UNGUARDED_AVAILABILITY = YES_AGGRESSIVE;
				CLANG_WARN_UNREACHABLE_CODE = YES;
				CLANG_WARN__DUPLICATE_METHOD_MATCH = YES;
				COPY_PHASE_STRIP = NO;
				DEBUG_INFORMATION_FORMAT = dwarf;
				ENABLE_STRICT_OBJC_MSGSEND = YES;
				ENABLE_TESTABILITY = YES;
				GCC_C_LANGUAGE_STANDARD = gnu11;
				GCC_DYNAMIC_NO_PIC = NO;
				GCC_NO_COMMON_BLOCKS = YES;
				GCC_OPTIMIZATION_LEVEL = 0;
				GCC_PREPROCESSOR_DEFINITIONS = (
					"DEBUG=1",
					"$(inherited)",
				);
				GCC_WARN_64_TO_32_BIT_CONVERSION = YES;
				GCC_WARN_ABOUT_RETURN_TYPE = YES_ERROR;
				GCC_WARN_UNDECLARED_SELECTOR = YES;
				GCC_WARN_UNINITIALIZED_AUTOS = YES_AGGRESSIVE;
				GCC_WARN_UNUSED_FUNCTION = YES;
				GCC_WARN_UNUSED_VARIABLE = YES;
				IPHONEOS_DEPLOYMENT_TARGET = 15.0;
				MTL_ENABLE_DEBUG_INFO = INCLUDE_SOURCE;
				MTL_FAST_MATH = YES;
				ONLY_ACTIVE_ARCH = YES;
				SDKROOT = iphoneos;
				SWIFT_ACTIVE_COMPILATION_CONDITIONS = DEBUG;
				SWIFT_OPTIMIZATION_LEVEL = "-Onone";
			};
			name = Debug;
		};
		913E341228ED92AA0048694B /* Release */ = {
			isa = XCBuildConfiguration;
			buildSettings = {
				ALWAYS_SEARCH_USER_PATHS = NO;
				CLANG_ANALYZER_NONNULL = YES;
				CLANG_ANALYZER_NUMBER_OBJECT_CONVERSION = YES_AGGRESSIVE;
				CLANG_CXX_LANGUAGE_STANDARD = "gnu++20";
				CLANG_ENABLE_MODULES = YES;
				CLANG_ENABLE_OBJC_ARC = YES;
				CLANG_ENABLE_OBJC_WEAK = YES;
				CLANG_WARN_BLOCK_CAPTURE_AUTORELEASING = YES;
				CLANG_WARN_BOOL_CONVERSION = YES;
				CLANG_WARN_COMMA = YES;
				CLANG_WARN_CONSTANT_CONVERSION = YES;
				CLANG_WARN_DEPRECATED_OBJC_IMPLEMENTATIONS = YES;
				CLANG_WARN_DIRECT_OBJC_ISA_USAGE = YES_ERROR;
				CLANG_WARN_DOCUMENTATION_COMMENTS = YES;
				CLANG_WARN_EMPTY_BODY = YES;
				CLANG_WARN_ENUM_CONVERSION = YES;
				CLANG_WARN_INFINITE_RECURSION = YES;
				CLANG_WARN_INT_CONVERSION = YES;
				CLANG_WARN_NON_LITERAL_NULL_CONVERSION = YES;
				CLANG_WARN_OBJC_IMPLICIT_RETAIN_SELF = YES;
				CLANG_WARN_OBJC_LITERAL_CONVERSION = YES;
				CLANG_WARN_OBJC_ROOT_CLASS = YES_ERROR;
				CLANG_WARN_QUOTED_INCLUDE_IN_FRAMEWORK_HEADER = YES;
				CLANG_WARN_RANGE_LOOP_ANALYSIS = YES;
				CLANG_WARN_STRICT_PROTOTYPES = YES;
				CLANG_WARN_SUSPICIOUS_MOVE = YES;
				CLANG_WARN_UNGUARDED_AVAILABILITY = YES_AGGRESSIVE;
				CLANG_WARN_UNREACHABLE_CODE = YES;
				CLANG_WARN__DUPLICATE_METHOD_MATCH = YES;
				COPY_PHASE_STRIP = NO;
				DEBUG_INFORMATION_FORMAT = "dwarf-with-dsym";
				ENABLE_NS_ASSERTIONS = NO;
				ENABLE_STRICT_OBJC_MSGSEND = YES;
				GCC_C_LANGUAGE_STANDARD = gnu11;
				GCC_NO_COMMON_BLOCKS = YES;
				GCC_WARN_64_TO_32_BIT_CONVERSION = YES;
				GCC_WARN_ABOUT_RETURN_TYPE = YES_ERROR;
				GCC_WARN_UNDECLARED_SELECTOR = YES;
				GCC_WARN_UNINITIALIZED_AUTOS = YES_AGGRESSIVE;
				GCC_WARN_UNUSED_FUNCTION = YES;
				GCC_WARN_UNUSED_VARIABLE = YES;
				IPHONEOS_DEPLOYMENT_TARGET = 15.0;
				MTL_ENABLE_DEBUG_INFO = NO;
				MTL_FAST_MATH = YES;
				SDKROOT = iphoneos;
				SWIFT_COMPILATION_MODE = wholemodule;
				SWIFT_OPTIMIZATION_LEVEL = "-O";
				VALIDATE_PRODUCT = YES;
			};
			name = Release;
		};
		913E341428ED92AA0048694B /* Debug */ = {
			isa = XCBuildConfiguration;
			baseConfigurationReference = 0D13F5DBF9D5104B6A97EE0C /* Pods-FollowSSU.debug.xcconfig */;
			buildSettings = {
				ASSETCATALOG_COMPILER_APPICON_NAME = AppIcon;
				ASSETCATALOG_COMPILER_GLOBAL_ACCENT_COLOR_NAME = AccentColor;
				CODE_SIGN_ENTITLEMENTS = FollowSSU/FollowSSU.entitlements;
				CODE_SIGN_STYLE = Automatic;
				CURRENT_PROJECT_VERSION = 3;
				DEVELOPMENT_TEAM = TZGL6R438Y;
				GENERATE_INFOPLIST_FILE = YES;
				INFOPLIST_FILE = FollowSSU/Info.plist;
				INFOPLIST_KEY_LSApplicationCategoryType = "";
				INFOPLIST_KEY_NSCameraUsageDescription = "카메라 사용 권한을 허용해주세요";
				INFOPLIST_KEY_NSLocationAlwaysAndWhenInUseUsageDescription = "위치정보 권한을 허용해주세요";
				INFOPLIST_KEY_NSLocationAlwaysUsageDescription = "위치정보 권한을 허용해주세요";
				INFOPLIST_KEY_NSLocationWhenInUseUsageDescription = "위치정보 권한을 허용해주세요";
				INFOPLIST_KEY_UIApplicationSupportsIndirectInputEvents = YES;
				INFOPLIST_KEY_UILaunchStoryboardName = LaunchScreen;
				INFOPLIST_KEY_UIMainStoryboardFile = Main;
				INFOPLIST_KEY_UISupportedInterfaceOrientations_iPad = "UIInterfaceOrientationPortrait UIInterfaceOrientationPortraitUpsideDown UIInterfaceOrientationLandscapeLeft UIInterfaceOrientationLandscapeRight";
				INFOPLIST_KEY_UISupportedInterfaceOrientations_iPhone = "UIInterfaceOrientationPortrait UIInterfaceOrientationLandscapeLeft UIInterfaceOrientationLandscapeRight";
				INFOPLIST_KEY_UIUserInterfaceStyle = Light;
				IPHONEOS_DEPLOYMENT_TARGET = 15.0;
				LD_RUNPATH_SEARCH_PATHS = (
					"$(inherited)",
					"@executable_path/Frameworks",
				);
				MARKETING_VERSION = 1.0;
				PRODUCT_BUNDLE_IDENTIFIER = "com.eunsung-dev.FollowSSU";
				PRODUCT_NAME = "$(TARGET_NAME)";
				SUPPORTED_PLATFORMS = "iphoneos iphonesimulator";
				SUPPORTS_MACCATALYST = NO;
				SUPPORTS_MAC_DESIGNED_FOR_IPHONE_IPAD = YES;
				SWIFT_EMIT_LOC_STRINGS = YES;
				SWIFT_VERSION = 5.0;
				TARGETED_DEVICE_FAMILY = 1;
			};
			name = Debug;
		};
		913E341528ED92AA0048694B /* Release */ = {
			isa = XCBuildConfiguration;
			baseConfigurationReference = 44FA5DD61BE1487E5C09477B /* Pods-FollowSSU.release.xcconfig */;
			buildSettings = {
				ASSETCATALOG_COMPILER_APPICON_NAME = AppIcon;
				ASSETCATALOG_COMPILER_GLOBAL_ACCENT_COLOR_NAME = AccentColor;
				CODE_SIGN_ENTITLEMENTS = FollowSSU/FollowSSU.entitlements;
				CODE_SIGN_STYLE = Automatic;
				CURRENT_PROJECT_VERSION = 3;
				DEVELOPMENT_TEAM = TZGL6R438Y;
				GENERATE_INFOPLIST_FILE = YES;
				INFOPLIST_FILE = FollowSSU/Info.plist;
				INFOPLIST_KEY_LSApplicationCategoryType = "";
				INFOPLIST_KEY_NSCameraUsageDescription = "카메라 사용 권한을 허용해주세요";
				INFOPLIST_KEY_NSLocationAlwaysAndWhenInUseUsageDescription = "위치정보 권한을 허용해주세요";
				INFOPLIST_KEY_NSLocationAlwaysUsageDescription = "위치정보 권한을 허용해주세요";
				INFOPLIST_KEY_NSLocationWhenInUseUsageDescription = "위치정보 권한을 허용해주세요";
				INFOPLIST_KEY_UIApplicationSupportsIndirectInputEvents = YES;
				INFOPLIST_KEY_UILaunchStoryboardName = LaunchScreen;
				INFOPLIST_KEY_UIMainStoryboardFile = Main;
				INFOPLIST_KEY_UISupportedInterfaceOrientations_iPad = "UIInterfaceOrientationPortrait UIInterfaceOrientationPortraitUpsideDown UIInterfaceOrientationLandscapeLeft UIInterfaceOrientationLandscapeRight";
				INFOPLIST_KEY_UISupportedInterfaceOrientations_iPhone = "UIInterfaceOrientationPortrait UIInterfaceOrientationLandscapeLeft UIInterfaceOrientationLandscapeRight";
				INFOPLIST_KEY_UIUserInterfaceStyle = Light;
				IPHONEOS_DEPLOYMENT_TARGET = 15.0;
				LD_RUNPATH_SEARCH_PATHS = (
					"$(inherited)",
					"@executable_path/Frameworks",
				);
				MARKETING_VERSION = 1.0;
				PRODUCT_BUNDLE_IDENTIFIER = "com.eunsung-dev.FollowSSU";
				PRODUCT_NAME = "$(TARGET_NAME)";
				SUPPORTED_PLATFORMS = "iphoneos iphonesimulator";
				SUPPORTS_MACCATALYST = NO;
				SUPPORTS_MAC_DESIGNED_FOR_IPHONE_IPAD = YES;
				SWIFT_EMIT_LOC_STRINGS = YES;
				SWIFT_VERSION = 5.0;
				TARGETED_DEVICE_FAMILY = 1;
			};
			name = Release;
		};
/* End XCBuildConfiguration section */

/* Begin XCConfigurationList section */
		913E33FA28ED92A90048694B /* Build configuration list for PBXProject "FollowSSU" */ = {
			isa = XCConfigurationList;
			buildConfigurations = (
				913E341128ED92AA0048694B /* Debug */,
				913E341228ED92AA0048694B /* Release */,
			);
			defaultConfigurationIsVisible = 0;
			defaultConfigurationName = Release;
		};
		913E341328ED92AA0048694B /* Build configuration list for PBXNativeTarget "FollowSSU" */ = {
			isa = XCConfigurationList;
			buildConfigurations = (
				913E341428ED92AA0048694B /* Debug */,
				913E341528ED92AA0048694B /* Release */,
			);
			defaultConfigurationIsVisible = 0;
			defaultConfigurationName = Release;
		};
/* End XCConfigurationList section */

/* Begin XCRemoteSwiftPackageReference section */
		912526522941874B00806506 /* XCRemoteSwiftPackageReference "firebase-ios-sdk" */ = {
			isa = XCRemoteSwiftPackageReference;
			repositoryURL = "https://github.com/firebase/firebase-ios-sdk";
			requirement = {
				branch = master;
				kind = branch;
			};
		};
/* End XCRemoteSwiftPackageReference section */

/* Begin XCSwiftPackageProductDependency section */
		912526532941874B00806506 /* FirebaseAnalytics */ = {
			isa = XCSwiftPackageProductDependency;
			package = 912526522941874B00806506 /* XCRemoteSwiftPackageReference "firebase-ios-sdk" */;
			productName = FirebaseAnalytics;
		};
		912526552941874B00806506 /* FirebaseAnalyticsOnDeviceConversion */ = {
			isa = XCSwiftPackageProductDependency;
			package = 912526522941874B00806506 /* XCRemoteSwiftPackageReference "firebase-ios-sdk" */;
			productName = FirebaseAnalyticsOnDeviceConversion;
		};
		912526572941874B00806506 /* FirebaseAnalyticsSwift */ = {
			isa = XCSwiftPackageProductDependency;
			package = 912526522941874B00806506 /* XCRemoteSwiftPackageReference "firebase-ios-sdk" */;
			productName = FirebaseAnalyticsSwift;
		};
		912526592941874B00806506 /* FirebaseAnalyticsWithoutAdIdSupport */ = {
			isa = XCSwiftPackageProductDependency;
			package = 912526522941874B00806506 /* XCRemoteSwiftPackageReference "firebase-ios-sdk" */;
			productName = FirebaseAnalyticsWithoutAdIdSupport;
		};
		9125265B2941874B00806506 /* FirebaseAppCheck */ = {
			isa = XCSwiftPackageProductDependency;
			package = 912526522941874B00806506 /* XCRemoteSwiftPackageReference "firebase-ios-sdk" */;
			productName = FirebaseAppCheck;
		};
		9125265D2941874B00806506 /* FirebaseAppDistribution-Beta */ = {
			isa = XCSwiftPackageProductDependency;
			package = 912526522941874B00806506 /* XCRemoteSwiftPackageReference "firebase-ios-sdk" */;
			productName = "FirebaseAppDistribution-Beta";
		};
		9125265F2941874B00806506 /* FirebaseAuth */ = {
			isa = XCSwiftPackageProductDependency;
			package = 912526522941874B00806506 /* XCRemoteSwiftPackageReference "firebase-ios-sdk" */;
			productName = FirebaseAuth;
		};
		912526612941874B00806506 /* FirebaseAuthCombine-Community */ = {
			isa = XCSwiftPackageProductDependency;
			package = 912526522941874B00806506 /* XCRemoteSwiftPackageReference "firebase-ios-sdk" */;
			productName = "FirebaseAuthCombine-Community";
		};
		912526632941874B00806506 /* FirebaseCrashlytics */ = {
			isa = XCSwiftPackageProductDependency;
			package = 912526522941874B00806506 /* XCRemoteSwiftPackageReference "firebase-ios-sdk" */;
			productName = FirebaseCrashlytics;
		};
		912526652941874B00806506 /* FirebaseDatabase */ = {
			isa = XCSwiftPackageProductDependency;
			package = 912526522941874B00806506 /* XCRemoteSwiftPackageReference "firebase-ios-sdk" */;
			productName = FirebaseDatabase;
		};
		912526672941874B00806506 /* FirebaseDatabaseSwift */ = {
			isa = XCSwiftPackageProductDependency;
			package = 912526522941874B00806506 /* XCRemoteSwiftPackageReference "firebase-ios-sdk" */;
			productName = FirebaseDatabaseSwift;
		};
		912526692941874B00806506 /* FirebaseDynamicLinks */ = {
			isa = XCSwiftPackageProductDependency;
			package = 912526522941874B00806506 /* XCRemoteSwiftPackageReference "firebase-ios-sdk" */;
			productName = FirebaseDynamicLinks;
		};
		9125266B2941874B00806506 /* FirebaseFirestore */ = {
			isa = XCSwiftPackageProductDependency;
			package = 912526522941874B00806506 /* XCRemoteSwiftPackageReference "firebase-ios-sdk" */;
			productName = FirebaseFirestore;
		};
		9125266D2941874B00806506 /* FirebaseFirestoreCombine-Community */ = {
			isa = XCSwiftPackageProductDependency;
			package = 912526522941874B00806506 /* XCRemoteSwiftPackageReference "firebase-ios-sdk" */;
			productName = "FirebaseFirestoreCombine-Community";
		};
		9125266F2941874B00806506 /* FirebaseFirestoreSwift */ = {
			isa = XCSwiftPackageProductDependency;
			package = 912526522941874B00806506 /* XCRemoteSwiftPackageReference "firebase-ios-sdk" */;
			productName = FirebaseFirestoreSwift;
		};
		912526712941874B00806506 /* FirebaseFunctions */ = {
			isa = XCSwiftPackageProductDependency;
			package = 912526522941874B00806506 /* XCRemoteSwiftPackageReference "firebase-ios-sdk" */;
			productName = FirebaseFunctions;
		};
		912526732941874B00806506 /* FirebaseFunctionsCombine-Community */ = {
			isa = XCSwiftPackageProductDependency;
			package = 912526522941874B00806506 /* XCRemoteSwiftPackageReference "firebase-ios-sdk" */;
			productName = "FirebaseFunctionsCombine-Community";
		};
		912526752941874B00806506 /* FirebaseInAppMessaging-Beta */ = {
			isa = XCSwiftPackageProductDependency;
			package = 912526522941874B00806506 /* XCRemoteSwiftPackageReference "firebase-ios-sdk" */;
			productName = "FirebaseInAppMessaging-Beta";
		};
		912526772941874B00806506 /* FirebaseInAppMessagingSwift-Beta */ = {
			isa = XCSwiftPackageProductDependency;
			package = 912526522941874B00806506 /* XCRemoteSwiftPackageReference "firebase-ios-sdk" */;
			productName = "FirebaseInAppMessagingSwift-Beta";
		};
		912526792941874B00806506 /* FirebaseInstallations */ = {
			isa = XCSwiftPackageProductDependency;
			package = 912526522941874B00806506 /* XCRemoteSwiftPackageReference "firebase-ios-sdk" */;
			productName = FirebaseInstallations;
		};
		9125267B2941874B00806506 /* FirebaseMLModelDownloader */ = {
			isa = XCSwiftPackageProductDependency;
			package = 912526522941874B00806506 /* XCRemoteSwiftPackageReference "firebase-ios-sdk" */;
			productName = FirebaseMLModelDownloader;
		};
		9125267D2941874B00806506 /* FirebaseMessaging */ = {
			isa = XCSwiftPackageProductDependency;
			package = 912526522941874B00806506 /* XCRemoteSwiftPackageReference "firebase-ios-sdk" */;
			productName = FirebaseMessaging;
		};
		9125267F2941874B00806506 /* FirebasePerformance */ = {
			isa = XCSwiftPackageProductDependency;
			package = 912526522941874B00806506 /* XCRemoteSwiftPackageReference "firebase-ios-sdk" */;
			productName = FirebasePerformance;
		};
		912526812941874B00806506 /* FirebaseRemoteConfig */ = {
			isa = XCSwiftPackageProductDependency;
			package = 912526522941874B00806506 /* XCRemoteSwiftPackageReference "firebase-ios-sdk" */;
			productName = FirebaseRemoteConfig;
		};
		912526832941874B00806506 /* FirebaseRemoteConfigSwift */ = {
			isa = XCSwiftPackageProductDependency;
			package = 912526522941874B00806506 /* XCRemoteSwiftPackageReference "firebase-ios-sdk" */;
			productName = FirebaseRemoteConfigSwift;
		};
		912526852941874B00806506 /* FirebaseStorage */ = {
			isa = XCSwiftPackageProductDependency;
			package = 912526522941874B00806506 /* XCRemoteSwiftPackageReference "firebase-ios-sdk" */;
			productName = FirebaseStorage;
		};
		912526872941874B00806506 /* FirebaseStorageCombine-Community */ = {
			isa = XCSwiftPackageProductDependency;
			package = 912526522941874B00806506 /* XCRemoteSwiftPackageReference "firebase-ios-sdk" */;
			productName = "FirebaseStorageCombine-Community";
		};
/* End XCSwiftPackageProductDependency section */
	};
	rootObject = 913E33F728ED92A90048694B /* Project object */;
}
